
Microsoft Visual Studio Solution File, Format Version 12.00
# Visual Studio 15
VisualStudioVersion = 15.0.26730.15
MinimumVisualStudioVersion = 10.0.40219.1
Project("{FAE04EC0-301F-11D3-BF4B-00C04F79EFBC}") = "ZenithWebSite", "ZenithSociety\ZenithWebSite.csproj", "{4C57CBAA-B366-46CF-93FF-D4D47841ED67}"
EndProject
Project("{FAE04EC0-301F-11D3-BF4B-00C04F79EFBC}") = "ZenithDataLib", "ZenithDataLib\ZenithDataLib.csproj", "{5B32ED0C-0DF0-48DC-891E-32C11CC9C78B}"
EndProject
Global
	GlobalSection(SolutionConfigurationPlatforms) = preSolution
		Debug|Any CPU = Debug|Any CPU
		Release|Any CPU = Release|Any CPU
	EndGlobalSection
	GlobalSection(ProjectConfigurationPlatforms) = postSolution
		{4C57CBAA-B366-46CF-93FF-D4D47841ED67}.Debug|Any CPU.ActiveCfg = Debug|Any CPU
		{4C57CBAA-B366-46CF-93FF-D4D47841ED67}.Debug|Any CPU.Build.0 = Debug|Any CPU
		{4C57CBAA-B366-46CF-93FF-D4D47841ED67}.Release|Any CPU.ActiveCfg = Release|Any CPU
		{4C57CBAA-B366-46CF-93FF-D4D47841ED67}.Release|Any CPU.Build.0 = Release|Any CPU
		{5B32ED0C-0DF0-48DC-891E-32C11CC9C78B}.Debug|Any CPU.ActiveCfg = Debug|Any CPU
		{5B32ED0C-0DF0-48DC-891E-32C11CC9C78B}.Debug|Any CPU.Build.0 = Debug|Any CPU
		{5B32ED0C-0DF0-48DC-891E-32C11CC9C78B}.Release|Any CPU.ActiveCfg = Release|Any CPU
		{5B32ED0C-0DF0-48DC-891E-32C11CC9C78B}.Release|Any CPU.Build.0 = Release|Any CPU
	EndGlobalSection
	GlobalSection(SolutionProperties) = preSolution
		HideSolutionNode = FALSE
	EndGlobalSection
	GlobalSection(ExtensibilityGlobals) = postSolution
		SolutionGuid = {B014DFFF-29E1-40C4-AA2E-22D04BA3E98B}
	EndGlobalSection
EndGlobal
